
Microsoft Visual Studio Solution File, Format Version 12.00
# Visual Studio Version 17
VisualStudioVersion = 17.9.34607.119
MinimumVisualStudioVersion = 10.0.40219.1
Project("{2150E333-8FDC-42A3-9474-1A3956D46DE8}") = ".deploy", ".deploy", "{0B414E71-943B-4DAB-85D8-761844011815}"
	ProjectSection(SolutionItems) = preProject
		.dockerignore = .dockerignore
		.env = .env
		.gitignore = .gitignore
		docker-compose.override.yml = docker-compose.override.yml
		docker-compose.yml = docker-compose.yml
		docker-guide.md = docker-guide.md
	EndProjectSection
EndProject
Project("{2150E333-8FDC-42A3-9474-1A3956D46DE8}") = ".src", ".src", "{BDDF9C75-38B6-44ED-8F78-9C85D84C10F5}"
EndProject
Project("{2150E333-8FDC-42A3-9474-1A3956D46DE8}") = "App", "App", "{72564C8E-CC8E-48A6-943C-3AE414E04755}"
EndProject
Project("{2150E333-8FDC-42A3-9474-1A3956D46DE8}") = "Domain", "Domain", "{FF92EDCC-3A93-4834-AEFC-5F19FCA2062D}"
EndProject
Project("{2150E333-8FDC-42A3-9474-1A3956D46DE8}") = "Infrastructure", "Infrastructure", "{D4B556C2-5D05-41F0-9EA0-FAA9AA4FDE40}"
EndProject
Project("{2150E333-8FDC-42A3-9474-1A3956D46DE8}") = "Presentation", "Presentation", "{1FBD99EE-C79A-4D2E-AAC9-6279040EF45F}"
EndProject
Project("{2150E333-8FDC-42A3-9474-1A3956D46DE8}") = "Shared", "Shared", "{195733BD-2C0B-40BF-BE12-8863EE72068E}"
EndProject
Project("{9A19103F-16F7-4668-BE54-9A1E7A4F7556}") = "ECOM.Presentation.API", "ECOM.Presentation.API\ECOM.Presentation.API.csproj", "{CD5C93C2-18B8-4BAC-A183-E90BADB62C66}"
EndProject
Project("{9A19103F-16F7-4668-BE54-9A1E7A4F7556}") = "ECOM.App.Services", "ECOM.App.Services\ECOM.App.Services.csproj", "{9C56EB98-F1AC-4460-B391-1D68F38222BA}"
EndProject
Project("{9A19103F-16F7-4668-BE54-9A1E7A4F7556}") = "ECOM.Domain.Entities", "ECOM.Domain.Entities\ECOM.Domain.Entities.csproj", "{4BE1808F-2DEC-4BED-9DAD-13AE09E6AEC9}"
EndProject
Project("{9A19103F-16F7-4668-BE54-9A1E7A4F7556}") = "ECOM.Infrastructure.Persistence.Main", "ECOM.Infrastructure.Persistence.Main\ECOM.Infrastructure.Persistence.Main.csproj", "{905649A8-1E0C-4B9A-BF34-B99DC04ED0AF}"
EndProject
Project("{9A19103F-16F7-4668-BE54-9A1E7A4F7556}") = "ECOM.Infrastructure.Persistence.MainLogging", "ECOM.Infrastructure.Persistence.MainLogging\ECOM.Infrastructure.Persistence.MainLogging.csproj", "{B101B5E7-718D-45D5-B189-2404741D7796}"
EndProject
Project("{9A19103F-16F7-4668-BE54-9A1E7A4F7556}") = "ECOM.Domain.Interfaces", "ECOM.Domain.Interfaces\ECOM.Domain.Interfaces.csproj", "{E2FB2D02-F6A5-4919-843B-BB5E63F61B43}"
EndProject
Project("{9A19103F-16F7-4668-BE54-9A1E7A4F7556}") = "ECOM.Infrastructure.Logging", "ECOM.Infrastructure.Logging\ECOM.Infrastructure.Logging.csproj", "{E5EE27BA-2491-4FA7-869E-B77622632C9B}"
EndProject
Project("{9A19103F-16F7-4668-BE54-9A1E7A4F7556}") = "ECOM.Infrastructure.External", "ECOM.Infrastructure.External\ECOM.Infrastructure.External.csproj", "{90729736-48BC-437F-B560-C92BB70B1E16}"
EndProject
Project("{9A19103F-16F7-4668-BE54-9A1E7A4F7556}") = "ECOM.Infrastructure.Persistence", "ECOM.Infrastructure.Persistence\ECOM.Infrastructure.Persistence.csproj", "{8E4BB1A3-E2C8-4610-B875-216049A3A22C}"
EndProject
Project("{9A19103F-16F7-4668-BE54-9A1E7A4F7556}") = "ECOM.App.Mappings", "ECOM.App.Mappings\ECOM.App.Mappings.csproj", "{8D379B98-740B-429C-9AE9-BC46F7A0C061}"
EndProject
Project("{FAE04EC0-301F-11D3-BF4B-00C04F79EFBC}") = "ECOM.Shared.Library", "ECOM.Shared.Library\ECOM.Shared.Library.csproj", "{E68903BC-0F63-4FDA-A061-09CA7CF3FEAA}"
EndProject
Global
	GlobalSection(SolutionConfigurationPlatforms) = preSolution
		Debug|Any CPU = Debug|Any CPU
		Release|Any CPU = Release|Any CPU
	EndGlobalSection
	GlobalSection(ProjectConfigurationPlatforms) = postSolution
		{CD5C93C2-18B8-4BAC-A183-E90BADB62C66}.Debug|Any CPU.ActiveCfg = Debug|Any CPU
		{CD5C93C2-18B8-4BAC-A183-E90BADB62C66}.Debug|Any CPU.Build.0 = Debug|Any CPU
		{CD5C93C2-18B8-4BAC-A183-E90BADB62C66}.Release|Any CPU.ActiveCfg = Release|Any CPU
		{CD5C93C2-18B8-4BAC-A183-E90BADB62C66}.Release|Any CPU.Build.0 = Release|Any CPU
		{9C56EB98-F1AC-4460-B391-1D68F38222BA}.Debug|Any CPU.ActiveCfg = Debug|Any CPU
		{9C56EB98-F1AC-4460-B391-1D68F38222BA}.Debug|Any CPU.Build.0 = Debug|Any CPU
		{9C56EB98-F1AC-4460-B391-1D68F38222BA}.Release|Any CPU.ActiveCfg = Release|Any CPU
		{9C56EB98-F1AC-4460-B391-1D68F38222BA}.Release|Any CPU.Build.0 = Release|Any CPU
		{4BE1808F-2DEC-4BED-9DAD-13AE09E6AEC9}.Debug|Any CPU.ActiveCfg = Debug|Any CPU
		{4BE1808F-2DEC-4BED-9DAD-13AE09E6AEC9}.Debug|Any CPU.Build.0 = Debug|Any CPU
		{4BE1808F-2DEC-4BED-9DAD-13AE09E6AEC9}.Release|Any CPU.ActiveCfg = Release|Any CPU
		{4BE1808F-2DEC-4BED-9DAD-13AE09E6AEC9}.Release|Any CPU.Build.0 = Release|Any CPU
		{905649A8-1E0C-4B9A-BF34-B99DC04ED0AF}.Debug|Any CPU.ActiveCfg = Debug|Any CPU
		{905649A8-1E0C-4B9A-BF34-B99DC04ED0AF}.Debug|Any CPU.Build.0 = Debug|Any CPU
		{905649A8-1E0C-4B9A-BF34-B99DC04ED0AF}.Release|Any CPU.ActiveCfg = Release|Any CPU
		{905649A8-1E0C-4B9A-BF34-B99DC04ED0AF}.Release|Any CPU.Build.0 = Release|Any CPU
		{B101B5E7-718D-45D5-B189-2404741D7796}.Debug|Any CPU.ActiveCfg = Debug|Any CPU
		{B101B5E7-718D-45D5-B189-2404741D7796}.Debug|Any CPU.Build.0 = Debug|Any CPU
		{B101B5E7-718D-45D5-B189-2404741D7796}.Release|Any CPU.ActiveCfg = Release|Any CPU
		{B101B5E7-718D-45D5-B189-2404741D7796}.Release|Any CPU.Build.0 = Release|Any CPU
		{E2FB2D02-F6A5-4919-843B-BB5E63F61B43}.Debug|Any CPU.ActiveCfg = Debug|Any CPU
		{E2FB2D02-F6A5-4919-843B-BB5E63F61B43}.Debug|Any CPU.Build.0 = Debug|Any CPU
		{E2FB2D02-F6A5-4919-843B-BB5E63F61B43}.Release|Any CPU.ActiveCfg = Release|Any CPU
		{E2FB2D02-F6A5-4919-843B-BB5E63F61B43}.Release|Any CPU.Build.0 = Release|Any CPU
		{E5EE27BA-2491-4FA7-869E-B77622632C9B}.Debug|Any CPU.ActiveCfg = Debug|Any CPU
		{E5EE27BA-2491-4FA7-869E-B77622632C9B}.Debug|Any CPU.Build.0 = Debug|Any CPU
		{E5EE27BA-2491-4FA7-869E-B77622632C9B}.Release|Any CPU.ActiveCfg = Release|Any CPU
		{E5EE27BA-2491-4FA7-869E-B77622632C9B}.Release|Any CPU.Build.0 = Release|Any CPU
		{90729736-48BC-437F-B560-C92BB70B1E16}.Debug|Any CPU.ActiveCfg = Debug|Any CPU
		{90729736-48BC-437F-B560-C92BB70B1E16}.Debug|Any CPU.Build.0 = Debug|Any CPU
		{90729736-48BC-437F-B560-C92BB70B1E16}.Release|Any CPU.ActiveCfg = Release|Any CPU
		{90729736-48BC-437F-B560-C92BB70B1E16}.Release|Any CPU.Build.0 = Release|Any CPU
		{8E4BB1A3-E2C8-4610-B875-216049A3A22C}.Debug|Any CPU.ActiveCfg = Debug|Any CPU
		{8E4BB1A3-E2C8-4610-B875-216049A3A22C}.Debug|Any CPU.Build.0 = Debug|Any CPU
		{8E4BB1A3-E2C8-4610-B875-216049A3A22C}.Release|Any CPU.ActiveCfg = Release|Any CPU
		{8E4BB1A3-E2C8-4610-B875-216049A3A22C}.Release|Any CPU.Build.0 = Release|Any CPU
		{8D379B98-740B-429C-9AE9-BC46F7A0C061}.Debug|Any CPU.ActiveCfg = Debug|Any CPU
		{8D379B98-740B-429C-9AE9-BC46F7A0C061}.Debug|Any CPU.Build.0 = Debug|Any CPU
		{8D379B98-740B-429C-9AE9-BC46F7A0C061}.Release|Any CPU.ActiveCfg = Release|Any CPU
		{8D379B98-740B-429C-9AE9-BC46F7A0C061}.Release|Any CPU.Build.0 = Release|Any CPU
		{E68903BC-0F63-4FDA-A061-09CA7CF3FEAA}.Debug|Any CPU.ActiveCfg = Debug|Any CPU
		{E68903BC-0F63-4FDA-A061-09CA7CF3FEAA}.Debug|Any CPU.Build.0 = Debug|Any CPU
		{E68903BC-0F63-4FDA-A061-09CA7CF3FEAA}.Release|Any CPU.ActiveCfg = Release|Any CPU
		{E68903BC-0F63-4FDA-A061-09CA7CF3FEAA}.Release|Any CPU.Build.0 = Release|Any CPU
	EndGlobalSection
	GlobalSection(SolutionProperties) = preSolution
		HideSolutionNode = FALSE
	EndGlobalSection
	GlobalSection(NestedProjects) = preSolution
		{72564C8E-CC8E-48A6-943C-3AE414E04755} = {BDDF9C75-38B6-44ED-8F78-9C85D84C10F5}
		{FF92EDCC-3A93-4834-AEFC-5F19FCA2062D} = {BDDF9C75-38B6-44ED-8F78-9C85D84C10F5}
		{D4B556C2-5D05-41F0-9EA0-FAA9AA4FDE40} = {BDDF9C75-38B6-44ED-8F78-9C85D84C10F5}
		{1FBD99EE-C79A-4D2E-AAC9-6279040EF45F} = {BDDF9C75-38B6-44ED-8F78-9C85D84C10F5}
		{195733BD-2C0B-40BF-BE12-8863EE72068E} = {BDDF9C75-38B6-44ED-8F78-9C85D84C10F5}
		{CD5C93C2-18B8-4BAC-A183-E90BADB62C66} = {1FBD99EE-C79A-4D2E-AAC9-6279040EF45F}
		{9C56EB98-F1AC-4460-B391-1D68F38222BA} = {72564C8E-CC8E-48A6-943C-3AE414E04755}
		{4BE1808F-2DEC-4BED-9DAD-13AE09E6AEC9} = {FF92EDCC-3A93-4834-AEFC-5F19FCA2062D}
		{905649A8-1E0C-4B9A-BF34-B99DC04ED0AF} = {D4B556C2-5D05-41F0-9EA0-FAA9AA4FDE40}
		{B101B5E7-718D-45D5-B189-2404741D7796} = {D4B556C2-5D05-41F0-9EA0-FAA9AA4FDE40}
		{E2FB2D02-F6A5-4919-843B-BB5E63F61B43} = {FF92EDCC-3A93-4834-AEFC-5F19FCA2062D}
		{E5EE27BA-2491-4FA7-869E-B77622632C9B} = {D4B556C2-5D05-41F0-9EA0-FAA9AA4FDE40}
		{90729736-48BC-437F-B560-C92BB70B1E16} = {D4B556C2-5D05-41F0-9EA0-FAA9AA4FDE40}
		{8E4BB1A3-E2C8-4610-B875-216049A3A22C} = {D4B556C2-5D05-41F0-9EA0-FAA9AA4FDE40}
		{8D379B98-740B-429C-9AE9-BC46F7A0C061} = {72564C8E-CC8E-48A6-943C-3AE414E04755}
		{E68903BC-0F63-4FDA-A061-09CA7CF3FEAA} = {195733BD-2C0B-40BF-BE12-8863EE72068E}
	EndGlobalSection
	GlobalSection(ExtensibilityGlobals) = postSolution
		SolutionGuid = {EEF19FB7-3D8A-4BA7-8E23-FDDE98F524E1}
	EndGlobalSection
EndGlobal
