
Microsoft Visual Studio Solution File, Format Version 12.00
# Visual Studio Version 17
VisualStudioVersion = 17.9.34607.119
MinimumVisualStudioVersion = 10.0.40219.1
Project("{2150E333-8FDC-42A3-9474-1A3956D46DE8}") = ".git", ".git", "{0B414E71-943B-4DAB-85D8-761844011815}"
	ProjectSection(SolutionItems) = preProject
		.dockerignore = .dockerignore
		.env = .env
		.gitignore = .gitignore
		docker-compose.override.yml = docker-compose.override.yml
		docker-compose.yml = docker-compose.yml
		docker-guide.md = docker-guide.md
	EndProjectSection
EndProject
Project("{9A19103F-16F7-4668-BE54-9A1E7A4F7556}") = "ECOM.Presentation.API", "ECOM.Presentation.API\ECOM.Presentation.API.csproj", "{CD5C93C2-18B8-4BAC-A183-E90BADB62C66}"
EndProject
Project("{9A19103F-16F7-4668-BE54-9A1E7A4F7556}") = "ECOM.Shared.Library", "ECOM.Shared.Library\ECOM.Shared.Library.csproj", "{E68903BC-0F63-4FDA-A061-09CA7CF3FEAA}"
EndProject
Project("{9A19103F-16F7-4668-BE54-9A1E7A4F7556}") = "ECOM.Domain", "ECOM.Domain\ECOM.Domain.csproj", "{33141753-FF0B-4BF8-B5FF-D2E377DAD6CC}"
EndProject
Project("{9A19103F-16F7-4668-BE54-9A1E7A4F7556}") = "ECOM.Infrastructure", "ECOM.Infrastructure\ECOM.Infrastructure.csproj", "{CFA29003-B5D5-43DC-B2BD-B8DAF9B3635A}"
EndProject
Project("{9A19103F-16F7-4668-BE54-9A1E7A4F7556}") = "ECOM.Infrastructure.Database", "ECOM.Infrastructure.Database\ECOM.Infrastructure.Database.csproj", "{8A1DD1CE-622D-4C95-B41A-5FE1AC334363}"
EndProject
Project("{9A19103F-16F7-4668-BE54-9A1E7A4F7556}") = "ECOM.App", "ECOM.App\ECOM.App.csproj", "{0839F21B-233B-4A98-AF84-F3C754B41406}"
EndProject
Global
	GlobalSection(SolutionConfigurationPlatforms) = preSolution
		Debug|Any CPU = Debug|Any CPU
		Release|Any CPU = Release|Any CPU
	EndGlobalSection
	GlobalSection(ProjectConfigurationPlatforms) = postSolution
		{CD5C93C2-18B8-4BAC-A183-E90BADB62C66}.Debug|Any CPU.ActiveCfg = Debug|Any CPU
		{CD5C93C2-18B8-4BAC-A183-E90BADB62C66}.Debug|Any CPU.Build.0 = Debug|Any CPU
		{CD5C93C2-18B8-4BAC-A183-E90BADB62C66}.Release|Any CPU.ActiveCfg = Release|Any CPU
		{CD5C93C2-18B8-4BAC-A183-E90BADB62C66}.Release|Any CPU.Build.0 = Release|Any CPU
		{E68903BC-0F63-4FDA-A061-09CA7CF3FEAA}.Debug|Any CPU.ActiveCfg = Debug|Any CPU
		{E68903BC-0F63-4FDA-A061-09CA7CF3FEAA}.Debug|Any CPU.Build.0 = Debug|Any CPU
		{E68903BC-0F63-4FDA-A061-09CA7CF3FEAA}.Release|Any CPU.ActiveCfg = Release|Any CPU
		{E68903BC-0F63-4FDA-A061-09CA7CF3FEAA}.Release|Any CPU.Build.0 = Release|Any CPU
		{33141753-FF0B-4BF8-B5FF-D2E377DAD6CC}.Debug|Any CPU.ActiveCfg = Debug|Any CPU
		{33141753-FF0B-4BF8-B5FF-D2E377DAD6CC}.Debug|Any CPU.Build.0 = Debug|Any CPU
		{33141753-FF0B-4BF8-B5FF-D2E377DAD6CC}.Release|Any CPU.ActiveCfg = Release|Any CPU
		{33141753-FF0B-4BF8-B5FF-D2E377DAD6CC}.Release|Any CPU.Build.0 = Release|Any CPU
		{CFA29003-B5D5-43DC-B2BD-B8DAF9B3635A}.Debug|Any CPU.ActiveCfg = Debug|Any CPU
		{CFA29003-B5D5-43DC-B2BD-B8DAF9B3635A}.Debug|Any CPU.Build.0 = Debug|Any CPU
		{CFA29003-B5D5-43DC-B2BD-B8DAF9B3635A}.Release|Any CPU.ActiveCfg = Release|Any CPU
		{CFA29003-B5D5-43DC-B2BD-B8DAF9B3635A}.Release|Any CPU.Build.0 = Release|Any CPU
		{8A1DD1CE-622D-4C95-B41A-5FE1AC334363}.Debug|Any CPU.ActiveCfg = Debug|Any CPU
		{8A1DD1CE-622D-4C95-B41A-5FE1AC334363}.Debug|Any CPU.Build.0 = Debug|Any CPU
		{8A1DD1CE-622D-4C95-B41A-5FE1AC334363}.Release|Any CPU.ActiveCfg = Release|Any CPU
		{8A1DD1CE-622D-4C95-B41A-5FE1AC334363}.Release|Any CPU.Build.0 = Release|Any CPU
		{0839F21B-233B-4A98-AF84-F3C754B41406}.Debug|Any CPU.ActiveCfg = Debug|Any CPU
		{0839F21B-233B-4A98-AF84-F3C754B41406}.Debug|Any CPU.Build.0 = Debug|Any CPU
		{0839F21B-233B-4A98-AF84-F3C754B41406}.Release|Any CPU.ActiveCfg = Release|Any CPU
		{0839F21B-233B-4A98-AF84-F3C754B41406}.Release|Any CPU.Build.0 = Release|Any CPU
	EndGlobalSection
	GlobalSection(SolutionProperties) = preSolution
		HideSolutionNode = FALSE
	EndGlobalSection
	GlobalSection(ExtensibilityGlobals) = postSolution
		SolutionGuid = {EEF19FB7-3D8A-4BA7-8E23-FDDE98F524E1}
	EndGlobalSection
EndGlobal
